
Microsoft Visual Studio Solution File, Format Version 12.00
# Visual Studio 15
VisualStudioVersion = 15.0.26403.7
MinimumVisualStudioVersion = 10.0.40219.1
Project("{FAE04EC0-301F-11D3-BF4B-00C04F79EFBC}") = "TravelAgency", "TravelAgency\TravelAgency.csproj", "{953B72E6-5085-45C2-B90D-0C279AC7215F}"
EndProject
Project("{FAE04EC0-301F-11D3-BF4B-00C04F79EFBC}") = "TravelAgency.Test", "TravelAgency.Test\TravelAgency.Test.csproj", "{115119B8-23B8-4493-9B3E-576C4C47D669}"
EndProject
Global
	GlobalSection(SolutionConfigurationPlatforms) = preSolution
		Debug|Any CPU = Debug|Any CPU
		Release|Any CPU = Release|Any CPU
	EndGlobalSection
	GlobalSection(ProjectConfigurationPlatforms) = postSolution
		{953B72E6-5085-45C2-B90D-0C279AC7215F}.Debug|Any CPU.ActiveCfg = Debug|Any CPU
		{953B72E6-5085-45C2-B90D-0C279AC7215F}.Debug|Any CPU.Build.0 = Debug|Any CPU
		{953B72E6-5085-45C2-B90D-0C279AC7215F}.Release|Any CPU.ActiveCfg = Release|Any CPU
		{953B72E6-5085-45C2-B90D-0C279AC7215F}.Release|Any CPU.Build.0 = Release|Any CPU
		{115119B8-23B8-4493-9B3E-576C4C47D669}.Debug|Any CPU.ActiveCfg = Debug|Any CPU
		{115119B8-23B8-4493-9B3E-576C4C47D669}.Debug|Any CPU.Build.0 = Debug|Any CPU
		{115119B8-23B8-4493-9B3E-576C4C47D669}.Release|Any CPU.ActiveCfg = Release|Any CPU
		{115119B8-23B8-4493-9B3E-576C4C47D669}.Release|Any CPU.Build.0 = Release|Any CPU
	EndGlobalSection
	GlobalSection(SolutionProperties) = preSolution
		HideSolutionNode = FALSE
	EndGlobalSection
EndGlobal
