
Microsoft Visual Studio Solution File, Format Version 12.00
# Visual Studio 15
VisualStudioVersion = 15.0.26403.7
MinimumVisualStudioVersion = 10.0.40219.1
Project("{FAE04EC0-301F-11D3-BF4B-00C04F79EFBC}") = "BankAccount", "BankAccount\BankAccount.csproj", "{079CF297-EF1E-4E0D-BA5B-BBB827EFA659}"
EndProject
Project("{FAE04EC0-301F-11D3-BF4B-00C04F79EFBC}") = "BankAccount.Test", "BankAccount.Test\BankAccount.Test.csproj", "{AF98D18E-1F09-40A8-8089-DF4BFCFBAC70}"
EndProject
Global
	GlobalSection(SolutionConfigurationPlatforms) = preSolution
		Debug|Any CPU = Debug|Any CPU
		Release|Any CPU = Release|Any CPU
	EndGlobalSection
	GlobalSection(ProjectConfigurationPlatforms) = postSolution
		{079CF297-EF1E-4E0D-BA5B-BBB827EFA659}.Debug|Any CPU.ActiveCfg = Debug|Any CPU
		{079CF297-EF1E-4E0D-BA5B-BBB827EFA659}.Debug|Any CPU.Build.0 = Debug|Any CPU
		{079CF297-EF1E-4E0D-BA5B-BBB827EFA659}.Release|Any CPU.ActiveCfg = Release|Any CPU
		{079CF297-EF1E-4E0D-BA5B-BBB827EFA659}.Release|Any CPU.Build.0 = Release|Any CPU
		{AF98D18E-1F09-40A8-8089-DF4BFCFBAC70}.Debug|Any CPU.ActiveCfg = Debug|Any CPU
		{AF98D18E-1F09-40A8-8089-DF4BFCFBAC70}.Debug|Any CPU.Build.0 = Debug|Any CPU
		{AF98D18E-1F09-40A8-8089-DF4BFCFBAC70}.Release|Any CPU.ActiveCfg = Release|Any CPU
		{AF98D18E-1F09-40A8-8089-DF4BFCFBAC70}.Release|Any CPU.Build.0 = Release|Any CPU
	EndGlobalSection
	GlobalSection(SolutionProperties) = preSolution
		HideSolutionNode = FALSE
	EndGlobalSection
EndGlobal
